
Microsoft Visual Studio Solution File, Format Version 12.00
# Visual Studio Version 17
VisualStudioVersion = 17.0.31903.59
MinimumVisualStudioVersion = 10.0.40219.1
Project("{2150E333-8FDC-42A3-9474-1A3956D46DE8}") = "src", "src", "{0CCA087B-4DFB-4213-9F17-8780F7308EBE}"
EndProject
Project("{2150E333-8FDC-42A3-9474-1A3956D46DE8}") = "Services", "Services", "{771E3FBA-980C-4C96-A49F-5B3F90F04244}"
EndProject
Project("{2150E333-8FDC-42A3-9474-1A3956D46DE8}") = "Estoque", "Estoque", "{6B117D1B-480F-489C-869A-C645AAD01091}"
EndProject
Project("{FAE04EC0-301F-11D3-BF4B-00C04F79EFBC}") = "Estoque.Domain", "src\Services\Estoque\Estoque.Domain\Estoque.Domain.csproj", "{CF0F1D45-50DB-4F3B-93BA-CBB91CB7C100}"
EndProject
Project("{FAE04EC0-301F-11D3-BF4B-00C04F79EFBC}") = "Estoque.Application", "src\Services\Estoque\Estoque.Application\Estoque.Application.csproj", "{4E0A79EB-8689-475B-8047-6A82BEB78527}"
EndProject
Project("{FAE04EC0-301F-11D3-BF4B-00C04F79EFBC}") = "Estoque.Infrastructure", "src\Services\Estoque\Estoque.Infrastructure\Estoque.Infrastructure.csproj", "{EBD2D5F1-2F04-4047-94EC-B860438853AA}"
EndProject
Project("{FAE04EC0-301F-11D3-BF4B-00C04F79EFBC}") = "Estoque.API", "src\Services\Estoque\Estoque.API\Estoque.API.csproj", "{33BA21DD-CE4B-4B0D-86EC-59F319E32CB3}"
EndProject
Project("{2150E333-8FDC-42A3-9474-1A3956D46DE8}") = "Vendas", "Vendas", "{81EAAB2B-99F0-48BC-AC3F-8EFEE6B69110}"
EndProject
Project("{FAE04EC0-301F-11D3-BF4B-00C04F79EFBC}") = "Vendas.Domain", "src\Services\Vendas\Vendas.Domain\Vendas.Domain.csproj", "{C692BF88-7E76-4348-989A-F455932E2CE0}"
EndProject
Project("{FAE04EC0-301F-11D3-BF4B-00C04F79EFBC}") = "Vendas.Application", "src\Services\Vendas\Vendas.Application\Vendas.Application.csproj", "{B8003656-472F-4FB3-BF1E-A4B780BFA394}"
EndProject
Project("{FAE04EC0-301F-11D3-BF4B-00C04F79EFBC}") = "Vendas.Infrastructure", "src\Services\Vendas\Vendas.Infrastructure\Vendas.Infrastructure.csproj", "{61E8D6C3-AD5D-4BD1-987E-EE58A55C3181}"
EndProject
Project("{FAE04EC0-301F-11D3-BF4B-00C04F79EFBC}") = "Vendas.API", "src\Services\Vendas\Vendas.API\Vendas.API.csproj", "{12808015-20BE-4CFE-84F7-4712205D0D5F}"
EndProject
Project("{2150E333-8FDC-42A3-9474-1A3956D46DE8}") = "ApiGateway", "ApiGateway", "{4BB96DFE-FBC7-4EEF-A593-2FD0822248D7}"
EndProject
Project("{FAE04EC0-301F-11D3-BF4B-00C04F79EFBC}") = "ApiGateway", "src\ApiGateway\ApiGateway\ApiGateway.csproj", "{7A5C7875-3875-4014-9D91-A6FBC4332D5A}"
EndProject
Project("{2150E333-8FDC-42A3-9474-1A3956D46DE8}") = "Shared", "Shared", "{6617C340-5EFA-4EA8-97B7-F18F98CA8D2A}"
EndProject
Project("{FAE04EC0-301F-11D3-BF4B-00C04F79EFBC}") = "Shared.Messaging", "src\Shared\Shared.Messaging\Shared.Messaging.csproj", "{F1C16657-1326-4935-8F04-8AA5D8E6B895}"
EndProject
Global
	GlobalSection(SolutionConfigurationPlatforms) = preSolution
		Debug|Any CPU = Debug|Any CPU
		Release|Any CPU = Release|Any CPU
	EndGlobalSection
	GlobalSection(SolutionProperties) = preSolution
		HideSolutionNode = FALSE
	EndGlobalSection
	GlobalSection(ProjectConfigurationPlatforms) = postSolution
		{CF0F1D45-50DB-4F3B-93BA-CBB91CB7C100}.Debug|Any CPU.ActiveCfg = Debug|Any CPU
		{CF0F1D45-50DB-4F3B-93BA-CBB91CB7C100}.Debug|Any CPU.Build.0 = Debug|Any CPU
		{CF0F1D45-50DB-4F3B-93BA-CBB91CB7C100}.Release|Any CPU.ActiveCfg = Release|Any CPU
		{CF0F1D45-50DB-4F3B-93BA-CBB91CB7C100}.Release|Any CPU.Build.0 = Release|Any CPU
		{4E0A79EB-8689-475B-8047-6A82BEB78527}.Debug|Any CPU.ActiveCfg = Debug|Any CPU
		{4E0A79EB-8689-475B-8047-6A82BEB78527}.Debug|Any CPU.Build.0 = Debug|Any CPU
		{4E0A79EB-8689-475B-8047-6A82BEB78527}.Release|Any CPU.ActiveCfg = Release|Any CPU
		{4E0A79EB-8689-475B-8047-6A82BEB78527}.Release|Any CPU.Build.0 = Release|Any CPU
		{EBD2D5F1-2F04-4047-94EC-B860438853AA}.Debug|Any CPU.ActiveCfg = Debug|Any CPU
		{EBD2D5F1-2F04-4047-94EC-B860438853AA}.Debug|Any CPU.Build.0 = Debug|Any CPU
		{EBD2D5F1-2F04-4047-94EC-B860438853AA}.Release|Any CPU.ActiveCfg = Release|Any CPU
		{EBD2D5F1-2F04-4047-94EC-B860438853AA}.Release|Any CPU.Build.0 = Release|Any CPU
		{33BA21DD-CE4B-4B0D-86EC-59F319E32CB3}.Debug|Any CPU.ActiveCfg = Debug|Any CPU
		{33BA21DD-CE4B-4B0D-86EC-59F319E32CB3}.Debug|Any CPU.Build.0 = Debug|Any CPU
		{33BA21DD-CE4B-4B0D-86EC-59F319E32CB3}.Release|Any CPU.ActiveCfg = Release|Any CPU
		{33BA21DD-CE4B-4B0D-86EC-59F319E32CB3}.Release|Any CPU.Build.0 = Release|Any CPU
		{C692BF88-7E76-4348-989A-F455932E2CE0}.Debug|Any CPU.ActiveCfg = Debug|Any CPU
		{C692BF88-7E76-4348-989A-F455932E2CE0}.Debug|Any CPU.Build.0 = Debug|Any CPU
		{C692BF88-7E76-4348-989A-F455932E2CE0}.Release|Any CPU.ActiveCfg = Release|Any CPU
		{C692BF88-7E76-4348-989A-F455932E2CE0}.Release|Any CPU.Build.0 = Release|Any CPU
		{B8003656-472F-4FB3-BF1E-A4B780BFA394}.Debug|Any CPU.ActiveCfg = Debug|Any CPU
		{B8003656-472F-4FB3-BF1E-A4B780BFA394}.Debug|Any CPU.Build.0 = Debug|Any CPU
		{B8003656-472F-4FB3-BF1E-A4B780BFA394}.Release|Any CPU.ActiveCfg = Release|Any CPU
		{B8003656-472F-4FB3-BF1E-A4B780BFA394}.Release|Any CPU.Build.0 = Release|Any CPU
		{61E8D6C3-AD5D-4BD1-987E-EE58A55C3181}.Debug|Any CPU.ActiveCfg = Debug|Any CPU
		{61E8D6C3-AD5D-4BD1-987E-EE58A55C3181}.Debug|Any CPU.Build.0 = Debug|Any CPU
		{61E8D6C3-AD5D-4BD1-987E-EE58A55C3181}.Release|Any CPU.ActiveCfg = Release|Any CPU
		{61E8D6C3-AD5D-4BD1-987E-EE58A55C3181}.Release|Any CPU.Build.0 = Release|Any CPU
		{12808015-20BE-4CFE-84F7-4712205D0D5F}.Debug|Any CPU.ActiveCfg = Debug|Any CPU
		{12808015-20BE-4CFE-84F7-4712205D0D5F}.Debug|Any CPU.Build.0 = Debug|Any CPU
		{12808015-20BE-4CFE-84F7-4712205D0D5F}.Release|Any CPU.ActiveCfg = Release|Any CPU
		{12808015-20BE-4CFE-84F7-4712205D0D5F}.Release|Any CPU.Build.0 = Release|Any CPU
		{7A5C7875-3875-4014-9D91-A6FBC4332D5A}.Debug|Any CPU.ActiveCfg = Debug|Any CPU
		{7A5C7875-3875-4014-9D91-A6FBC4332D5A}.Debug|Any CPU.Build.0 = Debug|Any CPU
		{7A5C7875-3875-4014-9D91-A6FBC4332D5A}.Release|Any CPU.ActiveCfg = Release|Any CPU
		{7A5C7875-3875-4014-9D91-A6FBC4332D5A}.Release|Any CPU.Build.0 = Release|Any CPU
		{F1C16657-1326-4935-8F04-8AA5D8E6B895}.Debug|Any CPU.ActiveCfg = Debug|Any CPU
		{F1C16657-1326-4935-8F04-8AA5D8E6B895}.Debug|Any CPU.Build.0 = Debug|Any CPU
		{F1C16657-1326-4935-8F04-8AA5D8E6B895}.Release|Any CPU.ActiveCfg = Release|Any CPU
		{F1C16657-1326-4935-8F04-8AA5D8E6B895}.Release|Any CPU.Build.0 = Release|Any CPU
	EndGlobalSection
	GlobalSection(NestedProjects) = preSolution
		{771E3FBA-980C-4C96-A49F-5B3F90F04244} = {0CCA087B-4DFB-4213-9F17-8780F7308EBE}
		{6B117D1B-480F-489C-869A-C645AAD01091} = {771E3FBA-980C-4C96-A49F-5B3F90F04244}
		{CF0F1D45-50DB-4F3B-93BA-CBB91CB7C100} = {6B117D1B-480F-489C-869A-C645AAD01091}
		{4E0A79EB-8689-475B-8047-6A82BEB78527} = {6B117D1B-480F-489C-869A-C645AAD01091}
		{EBD2D5F1-2F04-4047-94EC-B860438853AA} = {6B117D1B-480F-489C-869A-C645AAD01091}
		{33BA21DD-CE4B-4B0D-86EC-59F319E32CB3} = {6B117D1B-480F-489C-869A-C645AAD01091}
		{81EAAB2B-99F0-48BC-AC3F-8EFEE6B69110} = {771E3FBA-980C-4C96-A49F-5B3F90F04244}
		{C692BF88-7E76-4348-989A-F455932E2CE0} = {81EAAB2B-99F0-48BC-AC3F-8EFEE6B69110}
		{B8003656-472F-4FB3-BF1E-A4B780BFA394} = {81EAAB2B-99F0-48BC-AC3F-8EFEE6B69110}
		{61E8D6C3-AD5D-4BD1-987E-EE58A55C3181} = {81EAAB2B-99F0-48BC-AC3F-8EFEE6B69110}
		{12808015-20BE-4CFE-84F7-4712205D0D5F} = {81EAAB2B-99F0-48BC-AC3F-8EFEE6B69110}
		{4BB96DFE-FBC7-4EEF-A593-2FD0822248D7} = {0CCA087B-4DFB-4213-9F17-8780F7308EBE}
		{7A5C7875-3875-4014-9D91-A6FBC4332D5A} = {4BB96DFE-FBC7-4EEF-A593-2FD0822248D7}
		{6617C340-5EFA-4EA8-97B7-F18F98CA8D2A} = {0CCA087B-4DFB-4213-9F17-8780F7308EBE}
		{F1C16657-1326-4935-8F04-8AA5D8E6B895} = {6617C340-5EFA-4EA8-97B7-F18F98CA8D2A}
	EndGlobalSection
EndGlobal
